
Microsoft Visual Studio Solution File, Format Version 12.00
# Visual Studio Version 16
VisualStudioVersion = 16.0.29926.136
MinimumVisualStudioVersion = 10.0.40219.1
Project("{FAE04EC0-301F-11D3-BF4B-00C04F79EFBC}") = "MSM-Server", "MSM-Server\MSM-Server.csproj", "{6BD90F1C-66E8-465F-A999-94AB5F0BA2A8}"
EndProject
Project("{FAE04EC0-301F-11D3-BF4B-00C04F79EFBC}") = "Mms-Server", "Mms-Server\Mms-Server.csproj", "{2D945486-5E7E-4744-BD85-9D52A563EFB9}"
EndProject
Global
	GlobalSection(SolutionConfigurationPlatforms) = preSolution
		Debug|Any CPU = Debug|Any CPU
		Release|Any CPU = Release|Any CPU
	EndGlobalSection
	GlobalSection(ProjectConfigurationPlatforms) = postSolution
		{6BD90F1C-66E8-465F-A999-94AB5F0BA2A8}.Debug|Any CPU.ActiveCfg = Debug|Any CPU
		{6BD90F1C-66E8-465F-A999-94AB5F0BA2A8}.Debug|Any CPU.Build.0 = Debug|Any CPU
		{6BD90F1C-66E8-465F-A999-94AB5F0BA2A8}.Release|Any CPU.ActiveCfg = Release|Any CPU
		{6BD90F1C-66E8-465F-A999-94AB5F0BA2A8}.Release|Any CPU.Build.0 = Release|Any CPU
		{2D945486-5E7E-4744-BD85-9D52A563EFB9}.Debug|Any CPU.ActiveCfg = Debug|Any CPU
		{2D945486-5E7E-4744-BD85-9D52A563EFB9}.Debug|Any CPU.Build.0 = Debug|Any CPU
		{2D945486-5E7E-4744-BD85-9D52A563EFB9}.Release|Any CPU.ActiveCfg = Release|Any CPU
		{2D945486-5E7E-4744-BD85-9D52A563EFB9}.Release|Any CPU.Build.0 = Release|Any CPU
	EndGlobalSection
	GlobalSection(SolutionProperties) = preSolution
		HideSolutionNode = FALSE
	EndGlobalSection
	GlobalSection(ExtensibilityGlobals) = postSolution
		SolutionGuid = {CBA5FAD6-920E-402A-8110-1F30109D9F84}
	EndGlobalSection
EndGlobal
